
Microsoft Visual Studio Solution File, Format Version 12.00
# Visual Studio Version 16
VisualStudioVersion = 16.0.29709.97
MinimumVisualStudioVersion = 10.0.40219.1
Project("{9A19103F-16F7-4668-BE54-9A1E7A4F7556}") = "HomerEndpoints", "HomerEndpoints.csproj", "{76793CED-B48E-48F0-8F5A-4EF593F09D4C}"
EndProject
Project("{FAE04EC0-301F-11D3-BF4B-00C04F79EFBC}") = "Data", "..\Data\Data.csproj", "{E092C5E2-E6CF-4D62-93CF-B31AF362A144}"
EndProject
Global
	GlobalSection(SolutionConfigurationPlatforms) = preSolution
		Debug|Any CPU = Debug|Any CPU
		Release|Any CPU = Release|Any CPU
	EndGlobalSection
	GlobalSection(ProjectConfigurationPlatforms) = postSolution
		{76793CED-B48E-48F0-8F5A-4EF593F09D4C}.Debug|Any CPU.ActiveCfg = Debug|Any CPU
		{76793CED-B48E-48F0-8F5A-4EF593F09D4C}.Debug|Any CPU.Build.0 = Debug|Any CPU
		{76793CED-B48E-48F0-8F5A-4EF593F09D4C}.Release|Any CPU.ActiveCfg = Release|Any CPU
		{76793CED-B48E-48F0-8F5A-4EF593F09D4C}.Release|Any CPU.Build.0 = Release|Any CPU
		{E092C5E2-E6CF-4D62-93CF-B31AF362A144}.Debug|Any CPU.ActiveCfg = Debug|Any CPU
		{E092C5E2-E6CF-4D62-93CF-B31AF362A144}.Debug|Any CPU.Build.0 = Debug|Any CPU
		{E092C5E2-E6CF-4D62-93CF-B31AF362A144}.Release|Any CPU.ActiveCfg = Release|Any CPU
		{E092C5E2-E6CF-4D62-93CF-B31AF362A144}.Release|Any CPU.Build.0 = Release|Any CPU
	EndGlobalSection
	GlobalSection(SolutionProperties) = preSolution
		HideSolutionNode = FALSE
	EndGlobalSection
	GlobalSection(ExtensibilityGlobals) = postSolution
		SolutionGuid = {6BCC8EC1-A6AB-4754-8C61-03BE9A294DB9}
	EndGlobalSection
EndGlobal
